// !$*UTF8*$!
{
	archiveVersion = 1;
	classes = {
	};
	objectVersion = 56;
	objects = {

/* Begin PBXBuildFile section */
		A2552D7D2F0779440039C784 /* GoodEnoughApp.swift in Sources */ = {isa = PBXBuildFile; fileRef = A2552D7C2F0779440039C784 /* GoodEnoughApp.swift */; };
		A2552D812F07794A0039C784 /* Assets.xcassets in Resources */ = {isa = PBXBuildFile; fileRef = A2552D802F07794A0039C784 /* Assets.xcassets */; };
		A2552D842F07794A0039C784 /* Preview Assets.xcassets in Resources */ = {isa = PBXBuildFile; fileRef = A2552D832F07794A0039C784 /* Preview Assets.xcassets */; };
		A2552D862F07794A0039C784 /* Persistence.swift in Sources */ = {isa = PBXBuildFile; fileRef = A2552D852F07794A0039C784 /* Persistence.swift */; };
		A2552D892F07794A0039C784 /* GoodEnough.xcdatamodeld in Sources */ = {isa = PBXBuildFile; fileRef = A2552D872F07794A0039C784 /* GoodEnough.xcdatamodeld */; };
		A2552D932F07794A0039C784 /* GoodEnoughTests.swift in Sources */ = {isa = PBXBuildFile; fileRef = A2552D922F07794A0039C784 /* GoodEnoughTests.swift */; };
		A2552D9D2F07794A0039C784 /* GoodEnoughUITests.swift in Sources */ = {isa = PBXBuildFile; fileRef = A2552D9C2F07794A0039C784 /* GoodEnoughUITests.swift */; };
		A2552D9F2F07794A0039C784 /* GoodEnoughUITestsLaunchTests.swift in Sources */ = {isa = PBXBuildFile; fileRef = A2552D9E2F07794A0039C784 /* GoodEnoughUITestsLaunchTests.swift */; };
		A2552DAE2F0847E50039C784 /* RootView.swift in Sources */ = {isa = PBXBuildFile; fileRef = A2552DAD2F0847E50039C784 /* RootView.swift */; };
		A2552DB22F084B200039C784 /* GoalStore.swift in Sources */ = {isa = PBXBuildFile; fileRef = A2552DB12F084B200039C784 /* GoalStore.swift */; };
		A2552DB42F084B7D0039C784 /* GoalsSetupView.swift in Sources */ = {isa = PBXBuildFile; fileRef = A2552DB32F084B7D0039C784 /* GoalsSetupView.swift */; };
		A2552DB82F0861C80039C784 /* MainView.swift in Sources */ = {isa = PBXBuildFile; fileRef = A2552DB72F0861C80039C784 /* MainView.swift */; };
		A2552DBA2F0B18550039C784 /* DailyCheckInStore.swift in Sources */ = {isa = PBXBuildFile; fileRef = A2552DB92F0B18550039C784 /* DailyCheckInStore.swift */; };
		A2552DBC2F0C60B90039C784 /* AIService.swift in Sources */ = {isa = PBXBuildFile; fileRef = A2552DBB2F0C60B90039C784 /* AIService.swift */; };
		A2552DBE2F0F2A090039C784 /* AdjustGoalsView.swift in Sources */ = {isa = PBXBuildFile; fileRef = A2552DBD2F0F2A090039C784 /* AdjustGoalsView.swift */; };
		A2552DC02F0F2B3C0039C784 /* ReduceGoalsView.swift in Sources */ = {isa = PBXBuildFile; fileRef = A2552DBF2F0F2B3C0039C784 /* ReduceGoalsView.swift */; };
		A2552DC32F0F3CFC0039C784 /* GoodEnoughUtilities.swift in Sources */ = {isa = PBXBuildFile; fileRef = A2552DC22F0F3CFC0039C784 /* GoodEnoughUtilities.swift */; };
		A2552DC52F12C5C80039C784 /* Goal.swift in Sources */ = {isa = PBXBuildFile; fileRef = A2552DC42F12C5C80039C784 /* Goal.swift */; };
		A2552DC72F14359F0039C784 /* HistoryView.swift in Sources */ = {isa = PBXBuildFile; fileRef = A2552DC62F14359F0039C784 /* HistoryView.swift */; };
		A2552DC92F183C0E0039C784 /* DailySummaryView.swift in Sources */ = {isa = PBXBuildFile; fileRef = A2552DC82F183C0E0039C784 /* DailySummaryView.swift */; };
		A2552DCB2F18581B0039C784 /* WeeklySummaryView.swift in Sources */ = {isa = PBXBuildFile; fileRef = A2552DCA2F18581B0039C784 /* WeeklySummaryView.swift */; };
/* End PBXBuildFile section */

/* Begin PBXContainerItemProxy section */
		A2552D8F2F07794A0039C784 /* PBXContainerItemProxy */ = {
			isa = PBXContainerItemProxy;
			containerPortal = A2552D712F0779440039C784 /* Project object */;
			proxyType = 1;
			remoteGlobalIDString = A2552D782F0779440039C784;
			remoteInfo = GoodEnough;
		};
		A2552D992F07794A0039C784 /* PBXContainerItemProxy */ = {
			isa = PBXContainerItemProxy;
			containerPortal = A2552D712F0779440039C784 /* Project object */;
			proxyType = 1;
			remoteGlobalIDString = A2552D782F0779440039C784;
			remoteInfo = GoodEnough;
		};
/* End PBXContainerItemProxy section */

/* Begin PBXFileReference section */
		A2552D792F0779440039C784 /* GoodEnough.app */ = {isa = PBXFileReference; explicitFileType = wrapper.application; includeInIndex = 0; path = GoodEnough.app; sourceTree = BUILT_PRODUCTS_DIR; };
		A2552D7C2F0779440039C784 /* GoodEnoughApp.swift */ = {isa = PBXFileReference; lastKnownFileType = sourcecode.swift; path = GoodEnoughApp.swift; sourceTree = "<group>"; };
		A2552D802F07794A0039C784 /* Assets.xcassets */ = {isa = PBXFileReference; lastKnownFileType = folder.assetcatalog; path = Assets.xcassets; sourceTree = "<group>"; };
		A2552D832F07794A0039C784 /* Preview Assets.xcassets */ = {isa = PBXFileReference; lastKnownFileType = folder.assetcatalog; path = "Preview Assets.xcassets"; sourceTree = "<group>"; };
		A2552D852F07794A0039C784 /* Persistence.swift */ = {isa = PBXFileReference; lastKnownFileType = sourcecode.swift; path = Persistence.swift; sourceTree = "<group>"; };
		A2552D882F07794A0039C784 /* GoodEnough.xcdatamodel */ = {isa = PBXFileReference; lastKnownFileType = wrapper.xcdatamodel; path = GoodEnough.xcdatamodel; sourceTree = "<group>"; };
		A2552D8E2F07794A0039C784 /* GoodEnoughTests.xctest */ = {isa = PBXFileReference; explicitFileType = wrapper.cfbundle; includeInIndex = 0; path = GoodEnoughTests.xctest; sourceTree = BUILT_PRODUCTS_DIR; };
		A2552D922F07794A0039C784 /* GoodEnoughTests.swift */ = {isa = PBXFileReference; lastKnownFileType = sourcecode.swift; path = GoodEnoughTests.swift; sourceTree = "<group>"; };
		A2552D982F07794A0039C784 /* GoodEnoughUITests.xctest */ = {isa = PBXFileReference; explicitFileType = wrapper.cfbundle; includeInIndex = 0; path = GoodEnoughUITests.xctest; sourceTree = BUILT_PRODUCTS_DIR; };
		A2552D9C2F07794A0039C784 /* GoodEnoughUITests.swift */ = {isa = PBXFileReference; lastKnownFileType = sourcecode.swift; path = GoodEnoughUITests.swift; sourceTree = "<group>"; };
		A2552D9E2F07794A0039C784 /* GoodEnoughUITestsLaunchTests.swift */ = {isa = PBXFileReference; lastKnownFileType = sourcecode.swift; path = GoodEnoughUITestsLaunchTests.swift; sourceTree = "<group>"; };
		A2552DAD2F0847E50039C784 /* RootView.swift */ = {isa = PBXFileReference; lastKnownFileType = sourcecode.swift; path = RootView.swift; sourceTree = "<group>"; };
		A2552DB12F084B200039C784 /* GoalStore.swift */ = {isa = PBXFileReference; lastKnownFileType = sourcecode.swift; path = GoalStore.swift; sourceTree = "<group>"; };
		A2552DB32F084B7D0039C784 /* GoalsSetupView.swift */ = {isa = PBXFileReference; lastKnownFileType = sourcecode.swift; path = GoalsSetupView.swift; sourceTree = "<group>"; };
		A2552DB72F0861C80039C784 /* MainView.swift */ = {isa = PBXFileReference; lastKnownFileType = sourcecode.swift; path = MainView.swift; sourceTree = "<group>"; };
		A2552DB92F0B18550039C784 /* DailyCheckInStore.swift */ = {isa = PBXFileReference; lastKnownFileType = sourcecode.swift; path = DailyCheckInStore.swift; sourceTree = "<group>"; };
		A2552DBB2F0C60B90039C784 /* AIService.swift */ = {isa = PBXFileReference; lastKnownFileType = sourcecode.swift; path = AIService.swift; sourceTree = "<group>"; };
		A2552DBD2F0F2A090039C784 /* AdjustGoalsView.swift */ = {isa = PBXFileReference; lastKnownFileType = sourcecode.swift; path = AdjustGoalsView.swift; sourceTree = "<group>"; };
		A2552DBF2F0F2B3C0039C784 /* ReduceGoalsView.swift */ = {isa = PBXFileReference; lastKnownFileType = sourcecode.swift; path = ReduceGoalsView.swift; sourceTree = "<group>"; };
		A2552DC22F0F3CFC0039C784 /* GoodEnoughUtilities.swift */ = {isa = PBXFileReference; lastKnownFileType = sourcecode.swift; path = GoodEnoughUtilities.swift; sourceTree = "<group>"; };
		A2552DC42F12C5C80039C784 /* Goal.swift */ = {isa = PBXFileReference; fileEncoding = 4; lastKnownFileType = sourcecode.swift; path = Goal.swift; sourceTree = "<group>"; };
		A2552DC62F14359F0039C784 /* HistoryView.swift */ = {isa = PBXFileReference; lastKnownFileType = sourcecode.swift; path = HistoryView.swift; sourceTree = "<group>"; };
		A2552DC82F183C0E0039C784 /* DailySummaryView.swift */ = {isa = PBXFileReference; lastKnownFileType = sourcecode.swift; path = DailySummaryView.swift; sourceTree = "<group>"; };
		A2552DCA2F18581B0039C784 /* WeeklySummaryView.swift */ = {isa = PBXFileReference; lastKnownFileType = sourcecode.swift; path = WeeklySummaryView.swift; sourceTree = "<group>"; };
/* End PBXFileReference section */

/* Begin PBXFrameworksBuildPhase section */
		A2552D762F0779440039C784 /* Frameworks */ = {
			isa = PBXFrameworksBuildPhase;
			buildActionMask = 2147483647;
			files = (
			);
			runOnlyForDeploymentPostprocessing = 0;
		};
		A2552D8B2F07794A0039C784 /* Frameworks */ = {
			isa = PBXFrameworksBuildPhase;
			buildActionMask = 2147483647;
			files = (
			);
			runOnlyForDeploymentPostprocessing = 0;
		};
		A2552D952F07794A0039C784 /* Frameworks */ = {
			isa = PBXFrameworksBuildPhase;
			buildActionMask = 2147483647;
			files = (
			);
			runOnlyForDeploymentPostprocessing = 0;
		};
/* End PBXFrameworksBuildPhase section */

/* Begin PBXGroup section */
		A2552D702F0779440039C784 = {
			isa = PBXGroup;
			children = (
				A2552D7B2F0779440039C784 /* GoodEnough */,
				A2552D912F07794A0039C784 /* GoodEnoughTests */,
				A2552D9B2F07794A0039C784 /* GoodEnoughUITests */,
				A2552D7A2F0779440039C784 /* Products */,
			);
			sourceTree = "<group>";
		};
		A2552D7A2F0779440039C784 /* Products */ = {
			isa = PBXGroup;
			children = (
				A2552D792F0779440039C784 /* GoodEnough.app */,
				A2552D8E2F07794A0039C784 /* GoodEnoughTests.xctest */,
				A2552D982F07794A0039C784 /* GoodEnoughUITests.xctest */,
			);
			name = Products;
			sourceTree = "<group>";
		};
		A2552D7B2F0779440039C784 /* GoodEnough */ = {
			isa = PBXGroup;
			children = (
				A2552DC12F0F3CCA0039C784 /* GoodEnoughUtilities */,
				A2552DB12F084B200039C784 /* GoalStore.swift */,
				A2552DC42F12C5C80039C784 /* Goal.swift */,
				A2552DB32F084B7D0039C784 /* GoalsSetupView.swift */,
				A2552DBD2F0F2A090039C784 /* AdjustGoalsView.swift */,
				A2552DBF2F0F2B3C0039C784 /* ReduceGoalsView.swift */,
				A2552DC62F14359F0039C784 /* HistoryView.swift */,
				A2552DC82F183C0E0039C784 /* DailySummaryView.swift */,
				A2552DCA2F18581B0039C784 /* WeeklySummaryView.swift */,
				A2552DAD2F0847E50039C784 /* RootView.swift */,
				A2552DB72F0861C80039C784 /* MainView.swift */,
				A2552DB92F0B18550039C784 /* DailyCheckInStore.swift */,
				A2552D7C2F0779440039C784 /* GoodEnoughApp.swift */,
				A2552D802F07794A0039C784 /* Assets.xcassets */,
				A2552DBB2F0C60B90039C784 /* AIService.swift */,
				A2552D852F07794A0039C784 /* Persistence.swift */,
				A2552D872F07794A0039C784 /* GoodEnough.xcdatamodeld */,
				A2552D822F07794A0039C784 /* Preview Content */,
			);
			path = GoodEnough;
			sourceTree = "<group>";
		};
		A2552D822F07794A0039C784 /* Preview Content */ = {
			isa = PBXGroup;
			children = (
				A2552D832F07794A0039C784 /* Preview Assets.xcassets */,
			);
			path = "Preview Content";
			sourceTree = "<group>";
		};
		A2552D912F07794A0039C784 /* GoodEnoughTests */ = {
			isa = PBXGroup;
			children = (
				A2552D922F07794A0039C784 /* GoodEnoughTests.swift */,
			);
			path = GoodEnoughTests;
			sourceTree = "<group>";
		};
		A2552D9B2F07794A0039C784 /* GoodEnoughUITests */ = {
			isa = PBXGroup;
			children = (
				A2552D9C2F07794A0039C784 /* GoodEnoughUITests.swift */,
				A2552D9E2F07794A0039C784 /* GoodEnoughUITestsLaunchTests.swift */,
			);
			path = GoodEnoughUITests;
			sourceTree = "<group>";
		};
		A2552DC12F0F3CCA0039C784 /* GoodEnoughUtilities */ = {
			isa = PBXGroup;
			children = (
				A2552DC22F0F3CFC0039C784 /* GoodEnoughUtilities.swift */,
			);
			path = GoodEnoughUtilities;
			sourceTree = "<group>";
		};
/* End PBXGroup section */

/* Begin PBXNativeTarget section */
		A2552D782F0779440039C784 /* GoodEnough */ = {
			isa = PBXNativeTarget;
			buildConfigurationList = A2552DA22F07794A0039C784 /* Build configuration list for PBXNativeTarget "GoodEnough" */;
			buildPhases = (
				A2552D752F0779440039C784 /* Sources */,
				A2552D762F0779440039C784 /* Frameworks */,
				A2552D772F0779440039C784 /* Resources */,
			);
			buildRules = (
			);
			dependencies = (
			);
			name = GoodEnough;
			productName = GoodEnough;
			productReference = A2552D792F0779440039C784 /* GoodEnough.app */;
			productType = "com.apple.product-type.application";
		};
		A2552D8D2F07794A0039C784 /* GoodEnoughTests */ = {
			isa = PBXNativeTarget;
			buildConfigurationList = A2552DA52F07794A0039C784 /* Build configuration list for PBXNativeTarget "GoodEnoughTests" */;
			buildPhases = (
				A2552D8A2F07794A0039C784 /* Sources */,
				A2552D8B2F07794A0039C784 /* Frameworks */,
				A2552D8C2F07794A0039C784 /* Resources */,
			);
			buildRules = (
			);
			dependencies = (
				A2552D902F07794A0039C784 /* PBXTargetDependency */,
			);
			name = GoodEnoughTests;
			productName = GoodEnoughTests;
			productReference = A2552D8E2F07794A0039C784 /* GoodEnoughTests.xctest */;
			productType = "com.apple.product-type.bundle.unit-test";
		};
		A2552D972F07794A0039C784 /* GoodEnoughUITests */ = {
			isa = PBXNativeTarget;
			buildConfigurationList = A2552DA82F07794A0039C784 /* Build configuration list for PBXNativeTarget "GoodEnoughUITests" */;
			buildPhases = (
				A2552D942F07794A0039C784 /* Sources */,
				A2552D952F07794A0039C784 /* Frameworks */,
				A2552D962F07794A0039C784 /* Resources */,
			);
			buildRules = (
			);
			dependencies = (
				A2552D9A2F07794A0039C784 /* PBXTargetDependency */,
			);
			name = GoodEnoughUITests;
			productName = GoodEnoughUITests;
			productReference = A2552D982F07794A0039C784 /* GoodEnoughUITests.xctest */;
			productType = "com.apple.product-type.bundle.ui-testing";
		};
/* End PBXNativeTarget section */

/* Begin PBXProject section */
		A2552D712F0779440039C784 /* Project object */ = {
			isa = PBXProject;
			attributes = {
				BuildIndependentTargetsInParallel = 1;
				LastSwiftUpdateCheck = 1420;
				LastUpgradeCheck = 1420;
				TargetAttributes = {
					A2552D782F0779440039C784 = {
						CreatedOnToolsVersion = 14.2;
					};
					A2552D8D2F07794A0039C784 = {
						CreatedOnToolsVersion = 14.2;
						TestTargetID = A2552D782F0779440039C784;
					};
					A2552D972F07794A0039C784 = {
						CreatedOnToolsVersion = 14.2;
						TestTargetID = A2552D782F0779440039C784;
					};
				};
			};
			buildConfigurationList = A2552D742F0779440039C784 /* Build configuration list for PBXProject "GoodEnough" */;
			compatibilityVersion = "Xcode 14.0";
			developmentRegion = en;
			hasScannedForEncodings = 0;
			knownRegions = (
				en,
				Base,
			);
			mainGroup = A2552D702F0779440039C784;
			productRefGroup = A2552D7A2F0779440039C784 /* Products */;
			projectDirPath = "";
			projectRoot = "";
			targets = (
				A2552D782F0779440039C784 /* GoodEnough */,
				A2552D8D2F07794A0039C784 /* GoodEnoughTests */,
				A2552D972F07794A0039C784 /* GoodEnoughUITests */,
			);
		};
/* End PBXProject section */

/* Begin PBXResourcesBuildPhase section */
		A2552D772F0779440039C784 /* Resources */ = {
			isa = PBXResourcesBuildPhase;
			buildActionMask = 2147483647;
			files = (
				A2552D842F07794A0039C784 /* Preview Assets.xcassets in Resources */,
				A2552D812F07794A0039C784 /* Assets.xcassets in Resources */,
			);
			runOnlyForDeploymentPostprocessing = 0;
		};
		A2552D8C2F07794A0039C784 /* Resources */ = {
			isa = PBXResourcesBuildPhase;
			buildActionMask = 2147483647;
			files = (
			);
			runOnlyForDeploymentPostprocessing = 0;
		};
		A2552D962F07794A0039C784 /* Resources */ = {
			isa = PBXResourcesBuildPhase;
			buildActionMask = 2147483647;
			files = (
			);
			runOnlyForDeploymentPostprocessing = 0;
		};
/* End PBXResourcesBuildPhase section */

/* Begin PBXSourcesBuildPhase section */
		A2552D752F0779440039C784 /* Sources */ = {
			isa = PBXSourcesBuildPhase;
			buildActionMask = 2147483647;
			files = (
				A2552DBE2F0F2A090039C784 /* AdjustGoalsView.swift in Sources */,
				A2552DC02F0F2B3C0039C784 /* ReduceGoalsView.swift in Sources */,
				A2552D862F07794A0039C784 /* Persistence.swift in Sources */,
				A2552DC32F0F3CFC0039C784 /* GoodEnoughUtilities.swift in Sources */,
				A2552DB82F0861C80039C784 /* MainView.swift in Sources */,
				A2552DAE2F0847E50039C784 /* RootView.swift in Sources */,
				A2552DB22F084B200039C784 /* GoalStore.swift in Sources */,
				A2552DC72F14359F0039C784 /* HistoryView.swift in Sources */,
				A2552DC92F183C0E0039C784 /* DailySummaryView.swift in Sources */,
				A2552DB42F084B7D0039C784 /* GoalsSetupView.swift in Sources */,
				A2552DC52F12C5C80039C784 /* Goal.swift in Sources */,
				A2552DBA2F0B18550039C784 /* DailyCheckInStore.swift in Sources */,
				A2552DCB2F18581B0039C784 /* WeeklySummaryView.swift in Sources */,
				A2552D892F07794A0039C784 /* GoodEnough.xcdatamodeld in Sources */,
				A2552D7D2F0779440039C784 /* GoodEnoughApp.swift in Sources */,
				A2552DBC2F0C60B90039C784 /* AIService.swift in Sources */,
			);
			runOnlyForDeploymentPostprocessing = 0;
		};
		A2552D8A2F07794A0039C784 /* Sources */ = {
			isa = PBXSourcesBuildPhase;
			buildActionMask = 2147483647;
			files = (
				A2552D932F07794A0039C784 /* GoodEnoughTests.swift in Sources */,
			);
			runOnlyForDeploymentPostprocessing = 0;
		};
		A2552D942F07794A0039C784 /* Sources */ = {
			isa = PBXSourcesBuildPhase;
			buildActionMask = 2147483647;
			files = (
				A2552D9D2F07794A0039C784 /* GoodEnoughUITests.swift in Sources */,
				A2552D9F2F07794A0039C784 /* GoodEnoughUITestsLaunchTests.swift in Sources */,
			);
			runOnlyForDeploymentPostprocessing = 0;
		};
/* End PBXSourcesBuildPhase section */

/* Begin PBXTargetDependency section */
		A2552D902F07794A0039C784 /* PBXTargetDependency */ = {
			isa = PBXTargetDependency;
			target = A2552D782F0779440039C784 /* GoodEnough */;
			targetProxy = A2552D8F2F07794A0039C784 /* PBXContainerItemProxy */;
		};
		A2552D9A2F07794A0039C784 /* PBXTargetDependency */ = {
			isa = PBXTargetDependency;
			target = A2552D782F0779440039C784 /* GoodEnough */;
			targetProxy = A2552D992F07794A0039C784 /* PBXContainerItemProxy */;
		};
/* End PBXTargetDependency section */

/* Begin XCBuildConfiguration section */
		A2552DA02F07794A0039C784 /* Debug */ = {
			isa = XCBuildConfiguration;
			buildSettings = {
				ALWAYS_SEARCH_USER_PATHS = NO;
				CLANG_ANALYZER_NONNULL = YES;
				CLANG_ANALYZER_NUMBER_OBJECT_CONVERSION = YES_AGGRESSIVE;
				CLANG_CXX_LANGUAGE_STANDARD = "gnu++20";
				CLANG_ENABLE_MODULES = YES;
				CLANG_ENABLE_OBJC_ARC = YES;
				CLANG_ENABLE_OBJC_WEAK = YES;
				CLANG_WARN_BLOCK_CAPTURE_AUTORELEASING = YES;
				CLANG_WARN_BOOL_CONVERSION = YES;
				CLANG_WARN_COMMA = YES;
				CLANG_WARN_CONSTANT_CONVERSION = YES;
				CLANG_WARN_DEPRECATED_OBJC_IMPLEMENTATIONS = YES;
				CLANG_WARN_DIRECT_OBJC_ISA_USAGE = YES_ERROR;
				CLANG_WARN_DOCUMENTATION_COMMENTS = YES;
				CLANG_WARN_EMPTY_BODY = YES;
				CLANG_WARN_ENUM_CONVERSION = YES;
				CLANG_WARN_INFINITE_RECURSION = YES;
				CLANG_WARN_INT_CONVERSION = YES;
				CLANG_WARN_NON_LITERAL_NULL_CONVERSION = YES;
				CLANG_WARN_OBJC_IMPLICIT_RETAIN_SELF = YES;
				CLANG_WARN_OBJC_LITERAL_CONVERSION = YES;
				CLANG_WARN_OBJC_ROOT_CLASS = YES_ERROR;
				CLANG_WARN_QUOTED_INCLUDE_IN_FRAMEWORK_HEADER = YES;
				CLANG_WARN_RANGE_LOOP_ANALYSIS = YES;
				CLANG_WARN_STRICT_PROTOTYPES = YES;
				CLANG_WARN_SUSPICIOUS_MOVE = YES;
				CLANG_WARN_UNGUARDED_AVAILABILITY = YES_AGGRESSIVE;
				CLANG_WARN_UNREACHABLE_CODE = YES;
				CLANG_WARN__DUPLICATE_METHOD_MATCH = YES;
				COPY_PHASE_STRIP = NO;
				DEBUG_INFORMATION_FORMAT = dwarf;
				ENABLE_STRICT_OBJC_MSGSEND = YES;
				ENABLE_TESTABILITY = YES;
				GCC_C_LANGUAGE_STANDARD = gnu11;
				GCC_DYNAMIC_NO_PIC = NO;
				GCC_NO_COMMON_BLOCKS = YES;
				GCC_OPTIMIZATION_LEVEL = 0;
				GCC_PREPROCESSOR_DEFINITIONS = (
					"DEBUG=1",
					"$(inherited)",
				);
				GCC_WARN_64_TO_32_BIT_CONVERSION = YES;
				GCC_WARN_ABOUT_RETURN_TYPE = YES_ERROR;
				GCC_WARN_UNDECLARED_SELECTOR = YES;
				GCC_WARN_UNINITIALIZED_AUTOS = YES_AGGRESSIVE;
				GCC_WARN_UNUSED_FUNCTION = YES;
				GCC_WARN_UNUSED_VARIABLE = YES;
				IPHONEOS_DEPLOYMENT_TARGET = 16.2;
				MTL_ENABLE_DEBUG_INFO = INCLUDE_SOURCE;
				MTL_FAST_MATH = YES;
				ONLY_ACTIVE_ARCH = YES;
				SDKROOT = iphoneos;
				SWIFT_ACTIVE_COMPILATION_CONDITIONS = DEBUG;
				SWIFT_OPTIMIZATION_LEVEL = "-Onone";
			};
			name = Debug;
		};
		A2552DA12F07794A0039C784 /* Release */ = {
			isa = XCBuildConfiguration;
			buildSettings = {
				ALWAYS_SEARCH_USER_PATHS = NO;
				CLANG_ANALYZER_NONNULL = YES;
				CLANG_ANALYZER_NUMBER_OBJECT_CONVERSION = YES_AGGRESSIVE;
				CLANG_CXX_LANGUAGE_STANDARD = "gnu++20";
				CLANG_ENABLE_MODULES = YES;
				CLANG_ENABLE_OBJC_ARC = YES;
				CLANG_ENABLE_OBJC_WEAK = YES;
				CLANG_WARN_BLOCK_CAPTURE_AUTORELEASING = YES;
				CLANG_WARN_BOOL_CONVERSION = YES;
				CLANG_WARN_COMMA = YES;
				CLANG_WARN_CONSTANT_CONVERSION = YES;
				CLANG_WARN_DEPRECATED_OBJC_IMPLEMENTATIONS = YES;
				CLANG_WARN_DIRECT_OBJC_ISA_USAGE = YES_ERROR;
				CLANG_WARN_DOCUMENTATION_COMMENTS = YES;
				CLANG_WARN_EMPTY_BODY = YES;
				CLANG_WARN_ENUM_CONVERSION = YES;
				CLANG_WARN_INFINITE_RECURSION = YES;
				CLANG_WARN_INT_CONVERSION = YES;
				CLANG_WARN_NON_LITERAL_NULL_CONVERSION = YES;
				CLANG_WARN_OBJC_IMPLICIT_RETAIN_SELF = YES;
				CLANG_WARN_OBJC_LITERAL_CONVERSION = YES;
				CLANG_WARN_OBJC_ROOT_CLASS = YES_ERROR;
				CLANG_WARN_QUOTED_INCLUDE_IN_FRAMEWORK_HEADER = YES;
				CLANG_WARN_RANGE_LOOP_ANALYSIS = YES;
				CLANG_WARN_STRICT_PROTOTYPES = YES;
				CLANG_WARN_SUSPICIOUS_MOVE = YES;
				CLANG_WARN_UNGUARDED_AVAILABILITY = YES_AGGRESSIVE;
				CLANG_WARN_UNREACHABLE_CODE = YES;
				CLANG_WARN__DUPLICATE_METHOD_MATCH = YES;
				COPY_PHASE_STRIP = NO;
				DEBUG_INFORMATION_FORMAT = "dwarf-with-dsym";
				ENABLE_NS_ASSERTIONS = NO;
				ENABLE_STRICT_OBJC_MSGSEND = YES;
				GCC_C_LANGUAGE_STANDARD = gnu11;
				GCC_NO_COMMON_BLOCKS = YES;
				GCC_WARN_64_TO_32_BIT_CONVERSION = YES;
				GCC_WARN_ABOUT_RETURN_TYPE = YES_ERROR;
				GCC_WARN_UNDECLARED_SELECTOR = YES;
				GCC_WARN_UNINITIALIZED_AUTOS = YES_AGGRESSIVE;
				GCC_WARN_UNUSED_FUNCTION = YES;
				GCC_WARN_UNUSED_VARIABLE = YES;
				IPHONEOS_DEPLOYMENT_TARGET = 16.2;
				MTL_ENABLE_DEBUG_INFO = NO;
				MTL_FAST_MATH = YES;
				SDKROOT = iphoneos;
				SWIFT_COMPILATION_MODE = wholemodule;
				SWIFT_OPTIMIZATION_LEVEL = "-O";
				VALIDATE_PRODUCT = YES;
			};
			name = Release;
		};
		A2552DA32F07794A0039C784 /* Debug */ = {
			isa = XCBuildConfiguration;
			buildSettings = {
				ASSETCATALOG_COMPILER_APPICON_NAME = AppIcon;
				ASSETCATALOG_COMPILER_GLOBAL_ACCENT_COLOR_NAME = AccentColor;
				CODE_SIGN_STYLE = Automatic;
				CURRENT_PROJECT_VERSION = 1;
				DEVELOPMENT_ASSET_PATHS = "\"GoodEnough/Preview Content\"";
				ENABLE_PREVIEWS = YES;
				GENERATE_INFOPLIST_FILE = YES;
				INFOPLIST_KEY_UIApplicationSceneManifest_Generation = YES;
				INFOPLIST_KEY_UIApplicationSupportsIndirectInputEvents = YES;
				INFOPLIST_KEY_UILaunchScreen_Generation = YES;
				INFOPLIST_KEY_UISupportedInterfaceOrientations_iPad = "UIInterfaceOrientationPortrait UIInterfaceOrientationPortraitUpsideDown UIInterfaceOrientationLandscapeLeft UIInterfaceOrientationLandscapeRight";
				INFOPLIST_KEY_UISupportedInterfaceOrientations_iPhone = "UIInterfaceOrientationPortrait UIInterfaceOrientationLandscapeLeft UIInterfaceOrientationLandscapeRight";
				LD_RUNPATH_SEARCH_PATHS = (
					"$(inherited)",
					"@executable_path/Frameworks",
				);
				MARKETING_VERSION = 1.0;
				PRODUCT_BUNDLE_IDENTIFIER = com.GoodEnough.GoodEnough;
				PRODUCT_NAME = "$(TARGET_NAME)";
				SWIFT_EMIT_LOC_STRINGS = YES;
				SWIFT_VERSION = 5.0;
				TARGETED_DEVICE_FAMILY = "1,2";
			};
			name = Debug;
		};
		A2552DA42F07794A0039C784 /* Release */ = {
			isa = XCBuildConfiguration;
			buildSettings = {
				ASSETCATALOG_COMPILER_APPICON_NAME = AppIcon;
				ASSETCATALOG_COMPILER_GLOBAL_ACCENT_COLOR_NAME = AccentColor;
				CODE_SIGN_STYLE = Automatic;
				CURRENT_PROJECT_VERSION = 1;
				DEVELOPMENT_ASSET_PATHS = "\"GoodEnough/Preview Content\"";
				ENABLE_PREVIEWS = YES;
				GENERATE_INFOPLIST_FILE = YES;
				INFOPLIST_KEY_UIApplicationSceneManifest_Generation = YES;
				INFOPLIST_KEY_UIApplicationSupportsIndirectInputEvents = YES;
				INFOPLIST_KEY_UILaunchScreen_Generation = YES;
				INFOPLIST_KEY_UISupportedInterfaceOrientations_iPad = "UIInterfaceOrientationPortrait UIInterfaceOrientationPortraitUpsideDown UIInterfaceOrientationLandscapeLeft UIInterfaceOrientationLandscapeRight";
				INFOPLIST_KEY_UISupportedInterfaceOrientations_iPhone = "UIInterfaceOrientationPortrait UIInterfaceOrientationLandscapeLeft UIInterfaceOrientationLandscapeRight";
				LD_RUNPATH_SEARCH_PATHS = (
					"$(inherited)",
					"@executable_path/Frameworks",
				);
				MARKETING_VERSION = 1.0;
				PRODUCT_BUNDLE_IDENTIFIER = com.GoodEnough.GoodEnough;
				PRODUCT_NAME = "$(TARGET_NAME)";
				SWIFT_EMIT_LOC_STRINGS = YES;
				SWIFT_VERSION = 5.0;
				TARGETED_DEVICE_FAMILY = "1,2";
			};
			name = Release;
		};
		A2552DA62F07794A0039C784 /* Debug */ = {
			isa = XCBuildConfiguration;
			buildSettings = {
				ALWAYS_EMBED_SWIFT_STANDARD_LIBRARIES = YES;
				BUNDLE_LOADER = "$(TEST_HOST)";
				CODE_SIGN_STYLE = Automatic;
				CURRENT_PROJECT_VERSION = 1;
				GENERATE_INFOPLIST_FILE = YES;
				IPHONEOS_DEPLOYMENT_TARGET = 16.2;
				MARKETING_VERSION = 1.0;
				PRODUCT_BUNDLE_IDENTIFIER = com.GoodEnough.GoodEnoughTests;
				PRODUCT_NAME = "$(TARGET_NAME)";
				SWIFT_EMIT_LOC_STRINGS = NO;
				SWIFT_VERSION = 5.0;
				TARGETED_DEVICE_FAMILY = "1,2";
				TEST_HOST = "$(BUILT_PRODUCTS_DIR)/GoodEnough.app/$(BUNDLE_EXECUTABLE_FOLDER_PATH)/GoodEnough";
			};
			name = Debug;
		};
		A2552DA72F07794A0039C784 /* Release */ = {
			isa = XCBuildConfiguration;
			buildSettings = {
				ALWAYS_EMBED_SWIFT_STANDARD_LIBRARIES = YES;
				BUNDLE_LOADER = "$(TEST_HOST)";
				CODE_SIGN_STYLE = Automatic;
				CURRENT_PROJECT_VERSION = 1;
				GENERATE_INFOPLIST_FILE = YES;
				IPHONEOS_DEPLOYMENT_TARGET = 16.2;
				MARKETING_VERSION = 1.0;
				PRODUCT_BUNDLE_IDENTIFIER = com.GoodEnough.GoodEnoughTests;
				PRODUCT_NAME = "$(TARGET_NAME)";
				SWIFT_EMIT_LOC_STRINGS = NO;
				SWIFT_VERSION = 5.0;
				TARGETED_DEVICE_FAMILY = "1,2";
				TEST_HOST = "$(BUILT_PRODUCTS_DIR)/GoodEnough.app/$(BUNDLE_EXECUTABLE_FOLDER_PATH)/GoodEnough";
			};
			name = Release;
		};
		A2552DA92F07794A0039C784 /* Debug */ = {
			isa = XCBuildConfiguration;
			buildSettings = {
				ALWAYS_EMBED_SWIFT_STANDARD_LIBRARIES = YES;
				CODE_SIGN_STYLE = Automatic;
				CURRENT_PROJECT_VERSION = 1;
				GENERATE_INFOPLIST_FILE = YES;
				MARKETING_VERSION = 1.0;
				PRODUCT_BUNDLE_IDENTIFIER = com.GoodEnough.GoodEnoughUITests;
				PRODUCT_NAME = "$(TARGET_NAME)";
				SWIFT_EMIT_LOC_STRINGS = NO;
				SWIFT_VERSION = 5.0;
				TARGETED_DEVICE_FAMILY = "1,2";
				TEST_TARGET_NAME = GoodEnough;
			};
			name = Debug;
		};
		A2552DAA2F07794A0039C784 /* Release */ = {
			isa = XCBuildConfiguration;
			buildSettings = {
				ALWAYS_EMBED_SWIFT_STANDARD_LIBRARIES = YES;
				CODE_SIGN_STYLE = Automatic;
				CURRENT_PROJECT_VERSION = 1;
				GENERATE_INFOPLIST_FILE = YES;
				MARKETING_VERSION = 1.0;
				PRODUCT_BUNDLE_IDENTIFIER = com.GoodEnough.GoodEnoughUITests;
				PRODUCT_NAME = "$(TARGET_NAME)";
				SWIFT_EMIT_LOC_STRINGS = NO;
				SWIFT_VERSION = 5.0;
				TARGETED_DEVICE_FAMILY = "1,2";
				TEST_TARGET_NAME = GoodEnough;
			};
			name = Release;
		};
/* End XCBuildConfiguration section */

/* Begin XCConfigurationList section */
		A2552D742F0779440039C784 /* Build configuration list for PBXProject "GoodEnough" */ = {
			isa = XCConfigurationList;
			buildConfigurations = (
				A2552DA02F07794A0039C784 /* Debug */,
				A2552DA12F07794A0039C784 /* Release */,
			);
			defaultConfigurationIsVisible = 0;
			defaultConfigurationName = Release;
		};
		A2552DA22F07794A0039C784 /* Build configuration list for PBXNativeTarget "GoodEnough" */ = {
			isa = XCConfigurationList;
			buildConfigurations = (
				A2552DA32F07794A0039C784 /* Debug */,
				A2552DA42F07794A0039C784 /* Release */,
			);
			defaultConfigurationIsVisible = 0;
			defaultConfigurationName = Release;
		};
		A2552DA52F07794A0039C784 /* Build configuration list for PBXNativeTarget "GoodEnoughTests" */ = {
			isa = XCConfigurationList;
			buildConfigurations = (
				A2552DA62F07794A0039C784 /* Debug */,
				A2552DA72F07794A0039C784 /* Release */,
			);
			defaultConfigurationIsVisible = 0;
			defaultConfigurationName = Release;
		};
		A2552DA82F07794A0039C784 /* Build configuration list for PBXNativeTarget "GoodEnoughUITests" */ = {
			isa = XCConfigurationList;
			buildConfigurations = (
				A2552DA92F07794A0039C784 /* Debug */,
				A2552DAA2F07794A0039C784 /* Release */,
			);
			defaultConfigurationIsVisible = 0;
			defaultConfigurationName = Release;
		};
/* End XCConfigurationList section */

/* Begin XCVersionGroup section */
		A2552D872F07794A0039C784 /* GoodEnough.xcdatamodeld */ = {
			isa = XCVersionGroup;
			children = (
				A2552D882F07794A0039C784 /* GoodEnough.xcdatamodel */,
			);
			currentVersion = A2552D882F07794A0039C784 /* GoodEnough.xcdatamodel */;
			path = GoodEnough.xcdatamodeld;
			sourceTree = "<group>";
			versionGroupType = wrapper.xcdatamodel;
		};
/* End XCVersionGroup section */
	};
	rootObject = A2552D712F0779440039C784 /* Project object */;
}
